// !$*UTF8*$!
{
	archiveVersion = 1;
	classes = {
	};
	objectVersion = 50;
	objects = {

/* Begin PBXBuildFile section */
		EB148B152585241D00BD9CCF /* AppDelegate.swift in Sources */ = {isa = PBXBuildFile; fileRef = EB148B142585241D00BD9CCF /* AppDelegate.swift */; };
		EB148B1E2585241E00BD9CCF /* Assets.xcassets in Resources */ = {isa = PBXBuildFile; fileRef = EB148B1D2585241E00BD9CCF /* Assets.xcassets */; };
		EB148B212585241E00BD9CCF /* LaunchScreen.storyboard in Resources */ = {isa = PBXBuildFile; fileRef = EB148B1F2585241E00BD9CCF /* LaunchScreen.storyboard */; };
		EB148B302585265000BD9CCF /* Home.swift in Sources */ = {isa = PBXBuildFile; fileRef = EB148B2F2585265000BD9CCF /* Home.swift */; };
		EB148B332585266500BD9CCF /* Home.ViewController.View.swift in Sources */ = {isa = PBXBuildFile; fileRef = EB148B322585266500BD9CCF /* Home.ViewController.View.swift */; };
		EB148B372585267700BD9CCF /* Home.ViewController.swift in Sources */ = {isa = PBXBuildFile; fileRef = EB148B362585267700BD9CCF /* Home.ViewController.swift */; };
		EB563FBD25852F3F00D9CFCE /* Home.ViewController.View.CollectionCell.swift in Sources */ = {isa = PBXBuildFile; fileRef = EB563FBC25852F3F00D9CFCE /* Home.ViewController.View.CollectionCell.swift */; };
		EB563FC125853E7900D9CFCE /* Home.ViewModel.swift in Sources */ = {isa = PBXBuildFile; fileRef = EB563FC025853E7900D9CFCE /* Home.ViewModel.swift */; };
		EB563FC52585604500D9CFCE /* Data.swift in Sources */ = {isa = PBXBuildFile; fileRef = EB563FC42585604500D9CFCE /* Data.swift */; };
		EB563FCB2585605300D9CFCE /* Data.Workout.swift in Sources */ = {isa = PBXBuildFile; fileRef = EB563FCA2585605300D9CFCE /* Data.Workout.swift */; };
		EB563FD22585615600D9CFCE /* Workout.swift in Sources */ = {isa = PBXBuildFile; fileRef = EB563FD12585615600D9CFCE /* Workout.swift */; };
		EB563FD62585618F00D9CFCE /* EditWorkout.swift in Sources */ = {isa = PBXBuildFile; fileRef = EB563FD52585618F00D9CFCE /* EditWorkout.swift */; };
		EB563FDC258561FA00D9CFCE /* EditWorkout.ViewModel.swift in Sources */ = {isa = PBXBuildFile; fileRef = EB563FDB258561FA00D9CFCE /* EditWorkout.ViewModel.swift */; };
		EB563FDF2585632B00D9CFCE /* EditWorkout.ViewController.View.swift in Sources */ = {isa = PBXBuildFile; fileRef = EB563FDE2585632B00D9CFCE /* EditWorkout.ViewController.View.swift */; };
		EB563FE22585633800D9CFCE /* EditWorkout.ViewController.swift in Sources */ = {isa = PBXBuildFile; fileRef = EB563FE12585633800D9CFCE /* EditWorkout.ViewController.swift */; };
		EB563FE52585713000D9CFCE /* EditWorkout.TableViewCell.swift in Sources */ = {isa = PBXBuildFile; fileRef = EB563FE42585713000D9CFCE /* EditWorkout.TableViewCell.swift */; };
		EBDBB754258645D000272ABE /* AddWorkout.swift in Sources */ = {isa = PBXBuildFile; fileRef = EBDBB753258645D000272ABE /* AddWorkout.swift */; };
		EBDBB759258645FB00272ABE /* AddWorkout.ViewController.View.swift in Sources */ = {isa = PBXBuildFile; fileRef = EBDBB758258645FB00272ABE /* AddWorkout.ViewController.View.swift */; };
		EBDBB75C2586460700272ABE /* AddWorkout.ViewController.swift in Sources */ = {isa = PBXBuildFile; fileRef = EBDBB75B2586460700272ABE /* AddWorkout.ViewController.swift */; };
		EBDBB75F2586483B00272ABE /* AddWorkout.ViewModel.swift in Sources */ = {isa = PBXBuildFile; fileRef = EBDBB75E2586483B00272ABE /* AddWorkout.ViewModel.swift */; };
		EBF53B9925893A41008CC126 /* Exercise.swift in Sources */ = {isa = PBXBuildFile; fileRef = EBF53B9825893A41008CC126 /* Exercise.swift */; };
		EBF53BA025893A8D008CC126 /* AddExercise.ViewController.View.swift in Sources */ = {isa = PBXBuildFile; fileRef = EBF53B9F25893A8D008CC126 /* AddExercise.ViewController.View.swift */; };
		EBF53BA425893A9B008CC126 /* AddExercise.ViewController.swift in Sources */ = {isa = PBXBuildFile; fileRef = EBF53BA325893A9B008CC126 /* AddExercise.ViewController.swift */; };
		EBF53BA725893D3A008CC126 /* AddExercise.TableViewCell.swift in Sources */ = {isa = PBXBuildFile; fileRef = EBF53BA625893D3A008CC126 /* AddExercise.TableViewCell.swift */; };
/* End PBXBuildFile section */

/* Begin PBXFileReference section */
		EB148B112585241D00BD9CCF /* FitLog.app */ = {isa = PBXFileReference; explicitFileType = wrapper.application; includeInIndex = 0; path = FitLog.app; sourceTree = BUILT_PRODUCTS_DIR; };
		EB148B142585241D00BD9CCF /* AppDelegate.swift */ = {isa = PBXFileReference; lastKnownFileType = sourcecode.swift; path = AppDelegate.swift; sourceTree = "<group>"; };
		EB148B1D2585241E00BD9CCF /* Assets.xcassets */ = {isa = PBXFileReference; lastKnownFileType = folder.assetcatalog; path = Assets.xcassets; sourceTree = "<group>"; };
		EB148B202585241E00BD9CCF /* Base */ = {isa = PBXFileReference; lastKnownFileType = file.storyboard; name = Base; path = Base.lproj/LaunchScreen.storyboard; sourceTree = "<group>"; };
		EB148B222585241E00BD9CCF /* Info.plist */ = {isa = PBXFileReference; lastKnownFileType = text.plist.xml; path = Info.plist; sourceTree = "<group>"; };
		EB148B2F2585265000BD9CCF /* Home.swift */ = {isa = PBXFileReference; lastKnownFileType = sourcecode.swift; path = Home.swift; sourceTree = "<group>"; };
		EB148B322585266500BD9CCF /* Home.ViewController.View.swift */ = {isa = PBXFileReference; lastKnownFileType = sourcecode.swift; path = Home.ViewController.View.swift; sourceTree = "<group>"; };
		EB148B362585267700BD9CCF /* Home.ViewController.swift */ = {isa = PBXFileReference; lastKnownFileType = sourcecode.swift; path = Home.ViewController.swift; sourceTree = "<group>"; };
		EB563FBC25852F3F00D9CFCE /* Home.ViewController.View.CollectionCell.swift */ = {isa = PBXFileReference; lastKnownFileType = sourcecode.swift; path = Home.ViewController.View.CollectionCell.swift; sourceTree = "<group>"; };
		EB563FC025853E7900D9CFCE /* Home.ViewModel.swift */ = {isa = PBXFileReference; lastKnownFileType = sourcecode.swift; path = Home.ViewModel.swift; sourceTree = "<group>"; };
		EB563FC42585604500D9CFCE /* Data.swift */ = {isa = PBXFileReference; lastKnownFileType = sourcecode.swift; path = Data.swift; sourceTree = "<group>"; };
		EB563FCA2585605300D9CFCE /* Data.Workout.swift */ = {isa = PBXFileReference; lastKnownFileType = sourcecode.swift; path = Data.Workout.swift; sourceTree = "<group>"; };
		EB563FD12585615600D9CFCE /* Workout.swift */ = {isa = PBXFileReference; lastKnownFileType = sourcecode.swift; path = Workout.swift; sourceTree = "<group>"; };
		EB563FD52585618F00D9CFCE /* EditWorkout.swift */ = {isa = PBXFileReference; lastKnownFileType = sourcecode.swift; path = EditWorkout.swift; sourceTree = "<group>"; };
		EB563FDB258561FA00D9CFCE /* EditWorkout.ViewModel.swift */ = {isa = PBXFileReference; lastKnownFileType = sourcecode.swift; path = EditWorkout.ViewModel.swift; sourceTree = "<group>"; };
		EB563FDE2585632B00D9CFCE /* EditWorkout.ViewController.View.swift */ = {isa = PBXFileReference; lastKnownFileType = sourcecode.swift; path = EditWorkout.ViewController.View.swift; sourceTree = "<group>"; };
		EB563FE12585633800D9CFCE /* EditWorkout.ViewController.swift */ = {isa = PBXFileReference; lastKnownFileType = sourcecode.swift; path = EditWorkout.ViewController.swift; sourceTree = "<group>"; };
		EB563FE42585713000D9CFCE /* EditWorkout.TableViewCell.swift */ = {isa = PBXFileReference; lastKnownFileType = sourcecode.swift; path = EditWorkout.TableViewCell.swift; sourceTree = "<group>"; };
		EBDBB753258645D000272ABE /* AddWorkout.swift */ = {isa = PBXFileReference; lastKnownFileType = sourcecode.swift; path = AddWorkout.swift; sourceTree = "<group>"; };
		EBDBB758258645FB00272ABE /* AddWorkout.ViewController.View.swift */ = {isa = PBXFileReference; lastKnownFileType = sourcecode.swift; path = AddWorkout.ViewController.View.swift; sourceTree = "<group>"; };
		EBDBB75B2586460700272ABE /* AddWorkout.ViewController.swift */ = {isa = PBXFileReference; lastKnownFileType = sourcecode.swift; path = AddWorkout.ViewController.swift; sourceTree = "<group>"; };
		EBDBB75E2586483B00272ABE /* AddWorkout.ViewModel.swift */ = {isa = PBXFileReference; lastKnownFileType = sourcecode.swift; path = AddWorkout.ViewModel.swift; sourceTree = "<group>"; };
		EBF53B9825893A41008CC126 /* Exercise.swift */ = {isa = PBXFileReference; lastKnownFileType = sourcecode.swift; path = Exercise.swift; sourceTree = "<group>"; };
		EBF53B9F25893A8D008CC126 /* AddExercise.ViewController.View.swift */ = {isa = PBXFileReference; lastKnownFileType = sourcecode.swift; path = AddExercise.ViewController.View.swift; sourceTree = "<group>"; };
		EBF53BA325893A9B008CC126 /* AddExercise.ViewController.swift */ = {isa = PBXFileReference; lastKnownFileType = sourcecode.swift; path = AddExercise.ViewController.swift; sourceTree = "<group>"; };
		EBF53BA625893D3A008CC126 /* AddExercise.TableViewCell.swift */ = {isa = PBXFileReference; lastKnownFileType = sourcecode.swift; path = AddExercise.TableViewCell.swift; sourceTree = "<group>"; };
/* End PBXFileReference section */

/* Begin PBXFrameworksBuildPhase section */
		EB148B0E2585241D00BD9CCF /* Frameworks */ = {
			isa = PBXFrameworksBuildPhase;
			buildActionMask = 2147483647;
			files = (
			);
			runOnlyForDeploymentPostprocessing = 0;
		};
/* End PBXFrameworksBuildPhase section */

/* Begin PBXGroup section */
		EB148B082585241D00BD9CCF = {
			isa = PBXGroup;
			children = (
				EB148B132585241D00BD9CCF /* FitLog */,
				EB148B122585241D00BD9CCF /* Products */,
			);
			sourceTree = "<group>";
		};
		EB148B122585241D00BD9CCF /* Products */ = {
			isa = PBXGroup;
			children = (
				EB148B112585241D00BD9CCF /* FitLog.app */,
			);
			name = Products;
			sourceTree = "<group>";
		};
		EB148B132585241D00BD9CCF /* FitLog */ = {
			isa = PBXGroup;
			children = (
				EB563FC32585603700D9CFCE /* Data */,
				EB148B392585276600BD9CCF /* Main */,
				EB148B2B2585263600BD9CCF /* Features */,
				EB148B1D2585241E00BD9CCF /* Assets.xcassets */,
				EB148B1F2585241E00BD9CCF /* LaunchScreen.storyboard */,
				EB148B222585241E00BD9CCF /* Info.plist */,
			);
			path = FitLog;
			sourceTree = "<group>";
		};
		EB148B2B2585263600BD9CCF /* Features */ = {
			isa = PBXGroup;
			children = (
				EB563FCD2585612800D9CFCE /* Workout */,
				EB148B2C2585264000BD9CCF /* Home */,
			);
			path = Features;
			sourceTree = "<group>";
		};
		EB148B2C2585264000BD9CCF /* Home */ = {
			isa = PBXGroup;
			children = (
				EB563FBB25852F1F00D9CFCE /* ViewModel */,
				EB148B2D2585264300BD9CCF /* UI */,
				EB148B2F2585265000BD9CCF /* Home.swift */,
			);
			path = Home;
			sourceTree = "<group>";
		};
		EB148B2D2585264300BD9CCF /* UI */ = {
			isa = PBXGroup;
			children = (
				EB148B322585266500BD9CCF /* Home.ViewController.View.swift */,
				EB148B362585267700BD9CCF /* Home.ViewController.swift */,
				EB563FBC25852F3F00D9CFCE /* Home.ViewController.View.CollectionCell.swift */,
			);
			path = UI;
			sourceTree = "<group>";
		};
		EB148B392585276600BD9CCF /* Main */ = {
			isa = PBXGroup;
			children = (
				EB148B142585241D00BD9CCF /* AppDelegate.swift */,
			);
			path = Main;
			sourceTree = "<group>";
		};
		EB563FBB25852F1F00D9CFCE /* ViewModel */ = {
			isa = PBXGroup;
			children = (
				EB563FC025853E7900D9CFCE /* Home.ViewModel.swift */,
			);
			path = ViewModel;
			sourceTree = "<group>";
		};
		EB563FC32585603700D9CFCE /* Data */ = {
			isa = PBXGroup;
			children = (
				EB563FC82585604700D9CFCE /* Model */,
				EB563FC42585604500D9CFCE /* Data.swift */,
			);
			path = Data;
			sourceTree = "<group>";
		};
		EB563FC82585604700D9CFCE /* Model */ = {
			isa = PBXGroup;
			children = (
				EB563FCA2585605300D9CFCE /* Data.Workout.swift */,
			);
			path = Model;
			sourceTree = "<group>";
		};
		EB563FCD2585612800D9CFCE /* Workout */ = {
			isa = PBXGroup;
			children = (
				EB563FD02585614A00D9CFCE /* Start Workout */,
				EB563FCF2585613C00D9CFCE /* Edit Workout */,
				EB563FCE2585613500D9CFCE /* Add Workout */,
				EB563FD12585615600D9CFCE /* Workout.swift */,
			);
			path = Workout;
			sourceTree = "<group>";
		};
		EB563FCE2585613500D9CFCE /* Add Workout */ = {
			isa = PBXGroup;
			children = (
				EBF53B9725893A23008CC126 /* Exercise info */,
				EBDBB757258645EB00272ABE /* ViewModel */,
				EBDBB756258645E300272ABE /* UI */,
				EBDBB753258645D000272ABE /* AddWorkout.swift */,
			);
			path = "Add Workout";
			sourceTree = "<group>";
		};
		EB563FCF2585613C00D9CFCE /* Edit Workout */ = {
			isa = PBXGroup;
			children = (
				EB563FD9258561E500D9CFCE /* ViewModel */,
				EB563FD8258561DA00D9CFCE /* UI */,
				EB563FD52585618F00D9CFCE /* EditWorkout.swift */,
			);
			path = "Edit Workout";
			sourceTree = "<group>";
		};
		EB563FD02585614A00D9CFCE /* Start Workout */ = {
			isa = PBXGroup;
			children = (
			);
			path = "Start Workout";
			sourceTree = "<group>";
		};
		EB563FD8258561DA00D9CFCE /* UI */ = {
			isa = PBXGroup;
			children = (
				EB563FDE2585632B00D9CFCE /* EditWorkout.ViewController.View.swift */,
				EB563FE12585633800D9CFCE /* EditWorkout.ViewController.swift */,
				EB563FE42585713000D9CFCE /* EditWorkout.TableViewCell.swift */,
			);
			path = UI;
			sourceTree = "<group>";
		};
		EB563FD9258561E500D9CFCE /* ViewModel */ = {
			isa = PBXGroup;
			children = (
				EB563FDB258561FA00D9CFCE /* EditWorkout.ViewModel.swift */,
			);
			path = ViewModel;
			sourceTree = "<group>";
		};
		EBDBB756258645E300272ABE /* UI */ = {
			isa = PBXGroup;
			children = (
				EBDBB758258645FB00272ABE /* AddWorkout.ViewController.View.swift */,
				EBDBB75B2586460700272ABE /* AddWorkout.ViewController.swift */,
			);
			path = UI;
			sourceTree = "<group>";
		};
		EBDBB757258645EB00272ABE /* ViewModel */ = {
			isa = PBXGroup;
			children = (
				EBDBB75E2586483B00272ABE /* AddWorkout.ViewModel.swift */,
			);
			path = ViewModel;
			sourceTree = "<group>";
		};
		EBF53B9725893A23008CC126 /* Exercise info */ = {
			isa = PBXGroup;
			children = (
				EBF53B9D25893A71008CC126 /* ViewModel */,
				EBF53B9C25893A6B008CC126 /* UI */,
				EBF53B9825893A41008CC126 /* Exercise.swift */,
			);
			path = "Exercise info";
			sourceTree = "<group>";
		};
		EBF53B9C25893A6B008CC126 /* UI */ = {
			isa = PBXGroup;
			children = (
				EBF53B9F25893A8D008CC126 /* AddExercise.ViewController.View.swift */,
				EBF53BA325893A9B008CC126 /* AddExercise.ViewController.swift */,
				EBF53BA625893D3A008CC126 /* AddExercise.TableViewCell.swift */,
			);
			path = UI;
			sourceTree = "<group>";
		};
		EBF53B9D25893A71008CC126 /* ViewModel */ = {
			isa = PBXGroup;
			children = (
			);
			path = ViewModel;
			sourceTree = "<group>";
		};
/* End PBXGroup section */

/* Begin PBXNativeTarget section */
		EB148B102585241D00BD9CCF /* FitLog */ = {
			isa = PBXNativeTarget;
			buildConfigurationList = EB148B252585241E00BD9CCF /* Build configuration list for PBXNativeTarget "FitLog" */;
			buildPhases = (
				EB148B0D2585241D00BD9CCF /* Sources */,
				EB148B0E2585241D00BD9CCF /* Frameworks */,
				EB148B0F2585241D00BD9CCF /* Resources */,
			);
			buildRules = (
			);
			dependencies = (
			);
			name = FitLog;
			productName = FitLog;
			productReference = EB148B112585241D00BD9CCF /* FitLog.app */;
			productType = "com.apple.product-type.application";
		};
/* End PBXNativeTarget section */

/* Begin PBXProject section */
		EB148B092585241D00BD9CCF /* Project object */ = {
			isa = PBXProject;
			attributes = {
				LastSwiftUpdateCheck = 1200;
				LastUpgradeCheck = 1200;
				TargetAttributes = {
					EB148B102585241D00BD9CCF = {
						CreatedOnToolsVersion = 12.0.1;
					};
				};
			};
			buildConfigurationList = EB148B0C2585241D00BD9CCF /* Build configuration list for PBXProject "FitLog" */;
			compatibilityVersion = "Xcode 9.3";
			developmentRegion = en;
			hasScannedForEncodings = 0;
			knownRegions = (
				en,
				Base,
			);
			mainGroup = EB148B082585241D00BD9CCF;
			productRefGroup = EB148B122585241D00BD9CCF /* Products */;
			projectDirPath = "";
			projectRoot = "";
			targets = (
				EB148B102585241D00BD9CCF /* FitLog */,
			);
		};
/* End PBXProject section */

/* Begin PBXResourcesBuildPhase section */
		EB148B0F2585241D00BD9CCF /* Resources */ = {
			isa = PBXResourcesBuildPhase;
			buildActionMask = 2147483647;
			files = (
				EB148B212585241E00BD9CCF /* LaunchScreen.storyboard in Resources */,
				EB148B1E2585241E00BD9CCF /* Assets.xcassets in Resources */,
			);
			runOnlyForDeploymentPostprocessing = 0;
		};
/* End PBXResourcesBuildPhase section */

/* Begin PBXSourcesBuildPhase section */
		EB148B0D2585241D00BD9CCF /* Sources */ = {
			isa = PBXSourcesBuildPhase;
			buildActionMask = 2147483647;
			files = (
				EBF53BA725893D3A008CC126 /* AddExercise.TableViewCell.swift in Sources */,
				EBDBB754258645D000272ABE /* AddWorkout.swift in Sources */,
				EB563FCB2585605300D9CFCE /* Data.Workout.swift in Sources */,
				EB563FC52585604500D9CFCE /* Data.swift in Sources */,
				EB563FE52585713000D9CFCE /* EditWorkout.TableViewCell.swift in Sources */,
				EB148B332585266500BD9CCF /* Home.ViewController.View.swift in Sources */,
				EBDBB75F2586483B00272ABE /* AddWorkout.ViewModel.swift in Sources */,
				EB563FBD25852F3F00D9CFCE /* Home.ViewController.View.CollectionCell.swift in Sources */,
				EBDBB75C2586460700272ABE /* AddWorkout.ViewController.swift in Sources */,
				EB148B372585267700BD9CCF /* Home.ViewController.swift in Sources */,
				EBF53B9925893A41008CC126 /* Exercise.swift in Sources */,
				EB563FD22585615600D9CFCE /* Workout.swift in Sources */,
				EB148B152585241D00BD9CCF /* AppDelegate.swift in Sources */,
				EBDBB759258645FB00272ABE /* AddWorkout.ViewController.View.swift in Sources */,
				EB563FC125853E7900D9CFCE /* Home.ViewModel.swift in Sources */,
				EB148B302585265000BD9CCF /* Home.swift in Sources */,
				EBF53BA025893A8D008CC126 /* AddExercise.ViewController.View.swift in Sources */,
				EB563FE22585633800D9CFCE /* EditWorkout.ViewController.swift in Sources */,
				EB563FDC258561FA00D9CFCE /* EditWorkout.ViewModel.swift in Sources */,
				EBF53BA425893A9B008CC126 /* AddExercise.ViewController.swift in Sources */,
				EB563FD62585618F00D9CFCE /* EditWorkout.swift in Sources */,
				EB563FDF2585632B00D9CFCE /* EditWorkout.ViewController.View.swift in Sources */,
			);
			runOnlyForDeploymentPostprocessing = 0;
		};
/* End PBXSourcesBuildPhase section */

/* Begin PBXVariantGroup section */
		EB148B1F2585241E00BD9CCF /* LaunchScreen.storyboard */ = {
			isa = PBXVariantGroup;
			children = (
				EB148B202585241E00BD9CCF /* Base */,
			);
			name = LaunchScreen.storyboard;
			sourceTree = "<group>";
		};
/* End PBXVariantGroup section */

/* Begin XCBuildConfiguration section */
		EB148B232585241E00BD9CCF /* Debug */ = {
			isa = XCBuildConfiguration;
			buildSettings = {
				ALWAYS_SEARCH_USER_PATHS = NO;
				CLANG_ANALYZER_NONNULL = YES;
				CLANG_ANALYZER_NUMBER_OBJECT_CONVERSION = YES_AGGRESSIVE;
				CLANG_CXX_LANGUAGE_STANDARD = "gnu++14";
				CLANG_CXX_LIBRARY = "libc++";
				CLANG_ENABLE_MODULES = YES;
				CLANG_ENABLE_OBJC_ARC = YES;
				CLANG_ENABLE_OBJC_WEAK = YES;
				CLANG_WARN_BLOCK_CAPTURE_AUTORELEASING = YES;
				CLANG_WARN_BOOL_CONVERSION = YES;
				CLANG_WARN_COMMA = YES;
				CLANG_WARN_CONSTANT_CONVERSION = YES;
				CLANG_WARN_DEPRECATED_OBJC_IMPLEMENTATIONS = YES;
				CLANG_WARN_DIRECT_OBJC_ISA_USAGE = YES_ERROR;
				CLANG_WARN_DOCUMENTATION_COMMENTS = YES;
				CLANG_WARN_EMPTY_BODY = YES;
				CLANG_WARN_ENUM_CONVERSION = YES;
				CLANG_WARN_INFINITE_RECURSION = YES;
				CLANG_WARN_INT_CONVERSION = YES;
				CLANG_WARN_NON_LITERAL_NULL_CONVERSION = YES;
				CLANG_WARN_OBJC_IMPLICIT_RETAIN_SELF = YES;
				CLANG_WARN_OBJC_LITERAL_CONVERSION = YES;
				CLANG_WARN_OBJC_ROOT_CLASS = YES_ERROR;
				CLANG_WARN_QUOTED_INCLUDE_IN_FRAMEWORK_HEADER = YES;
				CLANG_WARN_RANGE_LOOP_ANALYSIS = YES;
				CLANG_WARN_STRICT_PROTOTYPES = YES;
				CLANG_WARN_SUSPICIOUS_MOVE = YES;
				CLANG_WARN_UNGUARDED_AVAILABILITY = YES_AGGRESSIVE;
				CLANG_WARN_UNREACHABLE_CODE = YES;
				CLANG_WARN__DUPLICATE_METHOD_MATCH = YES;
				COPY_PHASE_STRIP = NO;
				DEBUG_INFORMATION_FORMAT = dwarf;
				ENABLE_STRICT_OBJC_MSGSEND = YES;
				ENABLE_TESTABILITY = YES;
				GCC_C_LANGUAGE_STANDARD = gnu11;
				GCC_DYNAMIC_NO_PIC = NO;
				GCC_NO_COMMON_BLOCKS = YES;
				GCC_OPTIMIZATION_LEVEL = 0;
				GCC_PREPROCESSOR_DEFINITIONS = (
					"DEBUG=1",
					"$(inherited)",
				);
				GCC_WARN_64_TO_32_BIT_CONVERSION = YES;
				GCC_WARN_ABOUT_RETURN_TYPE = YES_ERROR;
				GCC_WARN_UNDECLARED_SELECTOR = YES;
				GCC_WARN_UNINITIALIZED_AUTOS = YES_AGGRESSIVE;
				GCC_WARN_UNUSED_FUNCTION = YES;
				GCC_WARN_UNUSED_VARIABLE = YES;
				IPHONEOS_DEPLOYMENT_TARGET = 14.0;
				MTL_ENABLE_DEBUG_INFO = INCLUDE_SOURCE;
				MTL_FAST_MATH = YES;
				ONLY_ACTIVE_ARCH = YES;
				SDKROOT = iphoneos;
				SWIFT_ACTIVE_COMPILATION_CONDITIONS = DEBUG;
				SWIFT_OPTIMIZATION_LEVEL = "-Onone";
			};
			name = Debug;
		};
		EB148B242585241E00BD9CCF /* Release */ = {
			isa = XCBuildConfiguration;
			buildSettings = {
				ALWAYS_SEARCH_USER_PATHS = NO;
				CLANG_ANALYZER_NONNULL = YES;
				CLANG_ANALYZER_NUMBER_OBJECT_CONVERSION = YES_AGGRESSIVE;
				CLANG_CXX_LANGUAGE_STANDARD = "gnu++14";
				CLANG_CXX_LIBRARY = "libc++";
				CLANG_ENABLE_MODULES = YES;
				CLANG_ENABLE_OBJC_ARC = YES;
				CLANG_ENABLE_OBJC_WEAK = YES;
				CLANG_WARN_BLOCK_CAPTURE_AUTORELEASING = YES;
				CLANG_WARN_BOOL_CONVERSION = YES;
				CLANG_WARN_COMMA = YES;
				CLANG_WARN_CONSTANT_CONVERSION = YES;
				CLANG_WARN_DEPRECATED_OBJC_IMPLEMENTATIONS = YES;
				CLANG_WARN_DIRECT_OBJC_ISA_USAGE = YES_ERROR;
				CLANG_WARN_DOCUMENTATION_COMMENTS = YES;
				CLANG_WARN_EMPTY_BODY = YES;
				CLANG_WARN_ENUM_CONVERSION = YES;
				CLANG_WARN_INFINITE_RECURSION = YES;
				CLANG_WARN_INT_CONVERSION = YES;
				CLANG_WARN_NON_LITERAL_NULL_CONVERSION = YES;
				CLANG_WARN_OBJC_IMPLICIT_RETAIN_SELF = YES;
				CLANG_WARN_OBJC_LITERAL_CONVERSION = YES;
				CLANG_WARN_OBJC_ROOT_CLASS = YES_ERROR;
				CLANG_WARN_QUOTED_INCLUDE_IN_FRAMEWORK_HEADER = YES;
				CLANG_WARN_RANGE_LOOP_ANALYSIS = YES;
				CLANG_WARN_STRICT_PROTOTYPES = YES;
				CLANG_WARN_SUSPICIOUS_MOVE = YES;
				CLANG_WARN_UNGUARDED_AVAILABILITY = YES_AGGRESSIVE;
				CLANG_WARN_UNREACHABLE_CODE = YES;
				CLANG_WARN__DUPLICATE_METHOD_MATCH = YES;
				COPY_PHASE_STRIP = NO;
				DEBUG_INFORMATION_FORMAT = "dwarf-with-dsym";
				ENABLE_NS_ASSERTIONS = NO;
				ENABLE_STRICT_OBJC_MSGSEND = YES;
				GCC_C_LANGUAGE_STANDARD = gnu11;
				GCC_NO_COMMON_BLOCKS = YES;
				GCC_WARN_64_TO_32_BIT_CONVERSION = YES;
				GCC_WARN_ABOUT_RETURN_TYPE = YES_ERROR;
				GCC_WARN_UNDECLARED_SELECTOR = YES;
				GCC_WARN_UNINITIALIZED_AUTOS = YES_AGGRESSIVE;
				GCC_WARN_UNUSED_FUNCTION = YES;
				GCC_WARN_UNUSED_VARIABLE = YES;
				IPHONEOS_DEPLOYMENT_TARGET = 14.0;
				MTL_ENABLE_DEBUG_INFO = NO;
				MTL_FAST_MATH = YES;
				SDKROOT = iphoneos;
				SWIFT_COMPILATION_MODE = wholemodule;
				SWIFT_OPTIMIZATION_LEVEL = "-O";
				VALIDATE_PRODUCT = YES;
			};
			name = Release;
		};
		EB148B262585241E00BD9CCF /* Debug */ = {
			isa = XCBuildConfiguration;
			buildSettings = {
				ASSETCATALOG_COMPILER_APPICON_NAME = AppIcon;
				ASSETCATALOG_COMPILER_GLOBAL_ACCENT_COLOR_NAME = AccentColor;
				CODE_SIGN_STYLE = Automatic;
				DEVELOPMENT_TEAM = 9QN8WR38C3;
				INFOPLIST_FILE = FitLog/Info.plist;
				LD_RUNPATH_SEARCH_PATHS = (
					"$(inherited)",
					"@executable_path/Frameworks",
				);
				PRODUCT_BUNDLE_IDENTIFIER = com.dannyprodanovic.FitLog;
				PRODUCT_NAME = "$(TARGET_NAME)";
				SWIFT_VERSION = 5.0;
				TARGETED_DEVICE_FAMILY = "1,2";
			};
			name = Debug;
		};
		EB148B272585241E00BD9CCF /* Release */ = {
			isa = XCBuildConfiguration;
			buildSettings = {
				ASSETCATALOG_COMPILER_APPICON_NAME = AppIcon;
				ASSETCATALOG_COMPILER_GLOBAL_ACCENT_COLOR_NAME = AccentColor;
				CODE_SIGN_STYLE = Automatic;
				DEVELOPMENT_TEAM = 9QN8WR38C3;
				INFOPLIST_FILE = FitLog/Info.plist;
				LD_RUNPATH_SEARCH_PATHS = (
					"$(inherited)",
					"@executable_path/Frameworks",
				);
				PRODUCT_BUNDLE_IDENTIFIER = com.dannyprodanovic.FitLog;
				PRODUCT_NAME = "$(TARGET_NAME)";
				SWIFT_VERSION = 5.0;
				TARGETED_DEVICE_FAMILY = "1,2";
			};
			name = Release;
		};
/* End XCBuildConfiguration section */

/* Begin XCConfigurationList section */
		EB148B0C2585241D00BD9CCF /* Build configuration list for PBXProject "FitLog" */ = {
			isa = XCConfigurationList;
			buildConfigurations = (
				EB148B232585241E00BD9CCF /* Debug */,
				EB148B242585241E00BD9CCF /* Release */,
			);
			defaultConfigurationIsVisible = 0;
			defaultConfigurationName = Release;
		};
		EB148B252585241E00BD9CCF /* Build configuration list for PBXNativeTarget "FitLog" */ = {
			isa = XCConfigurationList;
			buildConfigurations = (
				EB148B262585241E00BD9CCF /* Debug */,
				EB148B272585241E00BD9CCF /* Release */,
			);
			defaultConfigurationIsVisible = 0;
			defaultConfigurationName = Release;
		};
/* End XCConfigurationList section */
	};
	rootObject = EB148B092585241D00BD9CCF /* Project object */;
}
